
Microsoft Visual Studio Solution File, Format Version 12.00
# Visual Studio Version 16
VisualStudioVersion = 16.0.29728.190
MinimumVisualStudioVersion = 10.0.40219.1
Project("{FAE04EC0-301F-11D3-BF4B-00C04F79EFBC}") = "Calc", "Calc\Calc.csproj", "{806BF2FB-6138-4CE0-B12C-D1D77DCC42A0}"
EndProject
Global
	GlobalSection(SolutionConfigurationPlatforms) = preSolution
		Debug|Any CPU = Debug|Any CPU
		Release|Any CPU = Release|Any CPU
	EndGlobalSection
	GlobalSection(ProjectConfigurationPlatforms) = postSolution
		{806BF2FB-6138-4CE0-B12C-D1D77DCC42A0}.Debug|Any CPU.ActiveCfg = Debug|Any CPU
		{806BF2FB-6138-4CE0-B12C-D1D77DCC42A0}.Debug|Any CPU.Build.0 = Debug|Any CPU
		{806BF2FB-6138-4CE0-B12C-D1D77DCC42A0}.Release|Any CPU.ActiveCfg = Release|Any CPU
		{806BF2FB-6138-4CE0-B12C-D1D77DCC42A0}.Release|Any CPU.Build.0 = Release|Any CPU
	EndGlobalSection
	GlobalSection(SolutionProperties) = preSolution
		HideSolutionNode = FALSE
	EndGlobalSection
	GlobalSection(ExtensibilityGlobals) = postSolution
		SolutionGuid = {C9732C8C-734B-4D9C-B089-F78319A5804E}
	EndGlobalSection
EndGlobal
